// !$*UTF8*$!
{
	archiveVersion = 1;
	classes = {
	};
	objectVersion = 48;
	objects = {

/* Begin PBXBuildFile section */
		72937FE2060353701F81207C /* Pods_Whack_a_jellyfishTests.framework in Frameworks */ = {isa = PBXBuildFile; fileRef = EF8EDBD32D75D0D1016F95CF /* Pods_Whack_a_jellyfishTests.framework */; };
		90547507981F81157E8E6647 /* Pods_Whack_a_jellyfish.framework in Frameworks */ = {isa = PBXBuildFile; fileRef = FC551128BC94BE7D5A184E9B /* Pods_Whack_a_jellyfish.framework */; };
		D5DEE0171F77372300C4086C /* AppDelegate.swift in Sources */ = {isa = PBXBuildFile; fileRef = D5DEE0161F77372300C4086C /* AppDelegate.swift */; };
		D5DEE0191F77372300C4086C /* ViewController.swift in Sources */ = {isa = PBXBuildFile; fileRef = D5DEE0181F77372300C4086C /* ViewController.swift */; };
		D5DEE01C1F77372300C4086C /* Main.storyboard in Resources */ = {isa = PBXBuildFile; fileRef = D5DEE01A1F77372300C4086C /* Main.storyboard */; };
		D5DEE01E1F77372300C4086C /* Assets.xcassets in Resources */ = {isa = PBXBuildFile; fileRef = D5DEE01D1F77372300C4086C /* Assets.xcassets */; };
		D5DEE0211F77372300C4086C /* LaunchScreen.storyboard in Resources */ = {isa = PBXBuildFile; fileRef = D5DEE01F1F77372300C4086C /* LaunchScreen.storyboard */; };
		D5DEE02C1F77372300C4086C /* Whack_a_jellyfishTests.swift in Sources */ = {isa = PBXBuildFile; fileRef = D5DEE02B1F77372300C4086C /* Whack_a_jellyfishTests.swift */; };
		D5DEE0371F77372300C4086C /* Whack_a_jellyfishUITests.swift in Sources */ = {isa = PBXBuildFile; fileRef = D5DEE0361F77372300C4086C /* Whack_a_jellyfishUITests.swift */; };
		D5DEE0481F77496200C4086C /* art.scnassets in Resources */ = {isa = PBXBuildFile; fileRef = D5DEE0471F77496200C4086C /* art.scnassets */; };
		F34325C70F9C9372A592744B /* Pods_Whack_a_jellyfishUITests.framework in Frameworks */ = {isa = PBXBuildFile; fileRef = 8ED0D2FE25AE5B8D13DEA56A /* Pods_Whack_a_jellyfishUITests.framework */; };
/* End PBXBuildFile section */

/* Begin PBXContainerItemProxy section */
		D5DEE0281F77372300C4086C /* PBXContainerItemProxy */ = {
			isa = PBXContainerItemProxy;
			containerPortal = D5DEE00B1F77372300C4086C /* Project object */;
			proxyType = 1;
			remoteGlobalIDString = D5DEE0121F77372300C4086C;
			remoteInfo = "Whack a jellyfish";
		};
		D5DEE0331F77372300C4086C /* PBXContainerItemProxy */ = {
			isa = PBXContainerItemProxy;
			containerPortal = D5DEE00B1F77372300C4086C /* Project object */;
			proxyType = 1;
			remoteGlobalIDString = D5DEE0121F77372300C4086C;
			remoteInfo = "Whack a jellyfish";
		};
/* End PBXContainerItemProxy section */

/* Begin PBXFileReference section */
		23CD83C42C092481FD5A66A8 /* Pods-Whack a jellyfishTests.debug.xcconfig */ = {isa = PBXFileReference; includeInIndex = 1; lastKnownFileType = text.xcconfig; name = "Pods-Whack a jellyfishTests.debug.xcconfig"; path = "Pods/Target Support Files/Pods-Whack a jellyfishTests/Pods-Whack a jellyfishTests.debug.xcconfig"; sourceTree = "<group>"; };
		432AA15C9E3D915F984AF25F /* Pods-Whack a jellyfishUITests.debug.xcconfig */ = {isa = PBXFileReference; includeInIndex = 1; lastKnownFileType = text.xcconfig; name = "Pods-Whack a jellyfishUITests.debug.xcconfig"; path = "Pods/Target Support Files/Pods-Whack a jellyfishUITests/Pods-Whack a jellyfishUITests.debug.xcconfig"; sourceTree = "<group>"; };
		75F1C7E485780155A8FA95DD /* Pods-Whack a jellyfish.release.xcconfig */ = {isa = PBXFileReference; includeInIndex = 1; lastKnownFileType = text.xcconfig; name = "Pods-Whack a jellyfish.release.xcconfig"; path = "Pods/Target Support Files/Pods-Whack a jellyfish/Pods-Whack a jellyfish.release.xcconfig"; sourceTree = "<group>"; };
		8ED0D2FE25AE5B8D13DEA56A /* Pods_Whack_a_jellyfishUITests.framework */ = {isa = PBXFileReference; explicitFileType = wrapper.framework; includeInIndex = 0; path = Pods_Whack_a_jellyfishUITests.framework; sourceTree = BUILT_PRODUCTS_DIR; };
		C7B46E6C1A71E1C3EF2EB933 /* Pods-Whack a jellyfishUITests.release.xcconfig */ = {isa = PBXFileReference; includeInIndex = 1; lastKnownFileType = text.xcconfig; name = "Pods-Whack a jellyfishUITests.release.xcconfig"; path = "Pods/Target Support Files/Pods-Whack a jellyfishUITests/Pods-Whack a jellyfishUITests.release.xcconfig"; sourceTree = "<group>"; };
		D53B4BA11F779D3A001BE0B7 /* Textures */ = {isa = PBXFileReference; lastKnownFileType = folder; name = Textures; path = art.scnassets/Textures; sourceTree = "<group>"; };
		D5DEE0131F77372300C4086C /* Whack a jellyfish.app */ = {isa = PBXFileReference; explicitFileType = wrapper.application; includeInIndex = 0; path = "Whack a jellyfish.app"; sourceTree = BUILT_PRODUCTS_DIR; };
		D5DEE0161F77372300C4086C /* AppDelegate.swift */ = {isa = PBXFileReference; lastKnownFileType = sourcecode.swift; path = AppDelegate.swift; sourceTree = "<group>"; };
		D5DEE0181F77372300C4086C /* ViewController.swift */ = {isa = PBXFileReference; lastKnownFileType = sourcecode.swift; path = ViewController.swift; sourceTree = "<group>"; };
		D5DEE01B1F77372300C4086C /* Base */ = {isa = PBXFileReference; lastKnownFileType = file.storyboard; name = Base; path = Base.lproj/Main.storyboard; sourceTree = "<group>"; };
		D5DEE01D1F77372300C4086C /* Assets.xcassets */ = {isa = PBXFileReference; lastKnownFileType = folder.assetcatalog; path = Assets.xcassets; sourceTree = "<group>"; };
		D5DEE0201F77372300C4086C /* Base */ = {isa = PBXFileReference; lastKnownFileType = file.storyboard; name = Base; path = Base.lproj/LaunchScreen.storyboard; sourceTree = "<group>"; };
		D5DEE0221F77372300C4086C /* Info.plist */ = {isa = PBXFileReference; lastKnownFileType = text.plist.xml; path = Info.plist; sourceTree = "<group>"; };
		D5DEE0271F77372300C4086C /* Whack a jellyfishTests.xctest */ = {isa = PBXFileReference; explicitFileType = wrapper.cfbundle; includeInIndex = 0; path = "Whack a jellyfishTests.xctest"; sourceTree = BUILT_PRODUCTS_DIR; };
		D5DEE02B1F77372300C4086C /* Whack_a_jellyfishTests.swift */ = {isa = PBXFileReference; lastKnownFileType = sourcecode.swift; path = Whack_a_jellyfishTests.swift; sourceTree = "<group>"; };
		D5DEE02D1F77372300C4086C /* Info.plist */ = {isa = PBXFileReference; lastKnownFileType = text.plist.xml; path = Info.plist; sourceTree = "<group>"; };
		D5DEE0321F77372300C4086C /* Whack a jellyfishUITests.xctest */ = {isa = PBXFileReference; explicitFileType = wrapper.cfbundle; includeInIndex = 0; path = "Whack a jellyfishUITests.xctest"; sourceTree = BUILT_PRODUCTS_DIR; };
		D5DEE0361F77372300C4086C /* Whack_a_jellyfishUITests.swift */ = {isa = PBXFileReference; lastKnownFileType = sourcecode.swift; path = Whack_a_jellyfishUITests.swift; sourceTree = "<group>"; };
		D5DEE0381F77372300C4086C /* Info.plist */ = {isa = PBXFileReference; lastKnownFileType = text.plist.xml; path = Info.plist; sourceTree = "<group>"; };
		D5DEE0461F77488200C4086C /* Jellyfish.scn */ = {isa = PBXFileReference; lastKnownFileType = file.bplist; name = Jellyfish.scn; path = art.scnassets/Jellyfish.scn; sourceTree = "<group>"; };
		D5DEE0471F77496200C4086C /* art.scnassets */ = {isa = PBXFileReference; lastKnownFileType = wrapper.scnassets; path = art.scnassets; sourceTree = "<group>"; };
		E04154AF3A7C5EFA8FC7D64E /* Pods-Whack a jellyfish.debug.xcconfig */ = {isa = PBXFileReference; includeInIndex = 1; lastKnownFileType = text.xcconfig; name = "Pods-Whack a jellyfish.debug.xcconfig"; path = "Pods/Target Support Files/Pods-Whack a jellyfish/Pods-Whack a jellyfish.debug.xcconfig"; sourceTree = "<group>"; };
		EF8EDBD32D75D0D1016F95CF /* Pods_Whack_a_jellyfishTests.framework */ = {isa = PBXFileReference; explicitFileType = wrapper.framework; includeInIndex = 0; path = Pods_Whack_a_jellyfishTests.framework; sourceTree = BUILT_PRODUCTS_DIR; };
		F55030AA3C904C5B9F43CD6E /* Pods-Whack a jellyfishTests.release.xcconfig */ = {isa = PBXFileReference; includeInIndex = 1; lastKnownFileType = text.xcconfig; name = "Pods-Whack a jellyfishTests.release.xcconfig"; path = "Pods/Target Support Files/Pods-Whack a jellyfishTests/Pods-Whack a jellyfishTests.release.xcconfig"; sourceTree = "<group>"; };
		FC551128BC94BE7D5A184E9B /* Pods_Whack_a_jellyfish.framework */ = {isa = PBXFileReference; explicitFileType = wrapper.framework; includeInIndex = 0; path = Pods_Whack_a_jellyfish.framework; sourceTree = BUILT_PRODUCTS_DIR; };
/* End PBXFileReference section */

/* Begin PBXFrameworksBuildPhase section */
		D5DEE0101F77372300C4086C /* Frameworks */ = {
			isa = PBXFrameworksBuildPhase;
			buildActionMask = 2147483647;
			files = (
				90547507981F81157E8E6647 /* Pods_Whack_a_jellyfish.framework in Frameworks */,
			);
			runOnlyForDeploymentPostprocessing = 0;
		};
		D5DEE0241F77372300C4086C /* Frameworks */ = {
			isa = PBXFrameworksBuildPhase;
			buildActionMask = 2147483647;
			files = (
				72937FE2060353701F81207C /* Pods_Whack_a_jellyfishTests.framework in Frameworks */,
			);
			runOnlyForDeploymentPostprocessing = 0;
		};
		D5DEE02F1F77372300C4086C /* Frameworks */ = {
			isa = PBXFrameworksBuildPhase;
			buildActionMask = 2147483647;
			files = (
				F34325C70F9C9372A592744B /* Pods_Whack_a_jellyfishUITests.framework in Frameworks */,
			);
			runOnlyForDeploymentPostprocessing = 0;
		};
/* End PBXFrameworksBuildPhase section */

/* Begin PBXGroup section */
		0DBFE61AADC52F1304EAAF9E /* Frameworks */ = {
			isa = PBXGroup;
			children = (
				FC551128BC94BE7D5A184E9B /* Pods_Whack_a_jellyfish.framework */,
				EF8EDBD32D75D0D1016F95CF /* Pods_Whack_a_jellyfishTests.framework */,
				8ED0D2FE25AE5B8D13DEA56A /* Pods_Whack_a_jellyfishUITests.framework */,
			);
			name = Frameworks;
			sourceTree = "<group>";
		};
		41FF69B829DAAF5479DF1D51 /* Pods */ = {
			isa = PBXGroup;
			children = (
				E04154AF3A7C5EFA8FC7D64E /* Pods-Whack a jellyfish.debug.xcconfig */,
				75F1C7E485780155A8FA95DD /* Pods-Whack a jellyfish.release.xcconfig */,
				23CD83C42C092481FD5A66A8 /* Pods-Whack a jellyfishTests.debug.xcconfig */,
				F55030AA3C904C5B9F43CD6E /* Pods-Whack a jellyfishTests.release.xcconfig */,
				432AA15C9E3D915F984AF25F /* Pods-Whack a jellyfishUITests.debug.xcconfig */,
				C7B46E6C1A71E1C3EF2EB933 /* Pods-Whack a jellyfishUITests.release.xcconfig */,
			);
			name = Pods;
			sourceTree = "<group>";
		};
		D5DEE00A1F77372300C4086C = {
			isa = PBXGroup;
			children = (
				D5DEE0151F77372300C4086C /* Whack a jellyfish */,
				D5DEE02A1F77372300C4086C /* Whack a jellyfishTests */,
				D5DEE0351F77372300C4086C /* Whack a jellyfishUITests */,
				D5DEE0141F77372300C4086C /* Products */,
				41FF69B829DAAF5479DF1D51 /* Pods */,
				0DBFE61AADC52F1304EAAF9E /* Frameworks */,
			);
			sourceTree = "<group>";
		};
		D5DEE0141F77372300C4086C /* Products */ = {
			isa = PBXGroup;
			children = (
				D5DEE0131F77372300C4086C /* Whack a jellyfish.app */,
				D5DEE0271F77372300C4086C /* Whack a jellyfishTests.xctest */,
				D5DEE0321F77372300C4086C /* Whack a jellyfishUITests.xctest */,
			);
			name = Products;
			sourceTree = "<group>";
		};
		D5DEE0151F77372300C4086C /* Whack a jellyfish */ = {
			isa = PBXGroup;
			children = (
				D53B4BA11F779D3A001BE0B7 /* Textures */,
				D5DEE0161F77372300C4086C /* AppDelegate.swift */,
				D5DEE0461F77488200C4086C /* Jellyfish.scn */,
				D5DEE0181F77372300C4086C /* ViewController.swift */,
				D5DEE01A1F77372300C4086C /* Main.storyboard */,
				D5DEE01D1F77372300C4086C /* Assets.xcassets */,
				D5DEE01F1F77372300C4086C /* LaunchScreen.storyboard */,
				D5DEE0221F77372300C4086C /* Info.plist */,
				D5DEE0471F77496200C4086C /* art.scnassets */,
			);
			path = "Whack a jellyfish";
			sourceTree = "<group>";
		};
		D5DEE02A1F77372300C4086C /* Whack a jellyfishTests */ = {
			isa = PBXGroup;
			children = (
				D5DEE02B1F77372300C4086C /* Whack_a_jellyfishTests.swift */,
				D5DEE02D1F77372300C4086C /* Info.plist */,
			);
			path = "Whack a jellyfishTests";
			sourceTree = "<group>";
		};
		D5DEE0351F77372300C4086C /* Whack a jellyfishUITests */ = {
			isa = PBXGroup;
			children = (
				D5DEE0361F77372300C4086C /* Whack_a_jellyfishUITests.swift */,
				D5DEE0381F77372300C4086C /* Info.plist */,
			);
			path = "Whack a jellyfishUITests";
			sourceTree = "<group>";
		};
/* End PBXGroup section */

/* Begin PBXNativeTarget section */
		D5DEE0121F77372300C4086C /* Whack a jellyfish */ = {
			isa = PBXNativeTarget;
			buildConfigurationList = D5DEE03B1F77372300C4086C /* Build configuration list for PBXNativeTarget "Whack a jellyfish" */;
			buildPhases = (
				9707649411F730C49216AE0F /* [CP] Check Pods Manifest.lock */,
				D5DEE00F1F77372300C4086C /* Sources */,
				D5DEE0101F77372300C4086C /* Frameworks */,
				D5DEE0111F77372300C4086C /* Resources */,
				7E4BA4E53B96A916F24AEC1C /* [CP] Embed Pods Frameworks */,
				3D1ACD49FDD40E3CBB85055D /* [CP] Copy Pods Resources */,
			);
			buildRules = (
			);
			dependencies = (
			);
			name = "Whack a jellyfish";
			productName = "Whack a jellyfish";
			productReference = D5DEE0131F77372300C4086C /* Whack a jellyfish.app */;
			productType = "com.apple.product-type.application";
		};
		D5DEE0261F77372300C4086C /* Whack a jellyfishTests */ = {
			isa = PBXNativeTarget;
			buildConfigurationList = D5DEE03E1F77372300C4086C /* Build configuration list for PBXNativeTarget "Whack a jellyfishTests" */;
			buildPhases = (
				0F4232CDCF81689EE434B59D /* [CP] Check Pods Manifest.lock */,
				D5DEE0231F77372300C4086C /* Sources */,
				D5DEE0241F77372300C4086C /* Frameworks */,
				D5DEE0251F77372300C4086C /* Resources */,
				35AF3E066C78DAF4B23D2AC1 /* [CP] Embed Pods Frameworks */,
				FD57D8DDAC97DAB87BE73365 /* [CP] Copy Pods Resources */,
			);
			buildRules = (
			);
			dependencies = (
				D5DEE0291F77372300C4086C /* PBXTargetDependency */,
			);
			name = "Whack a jellyfishTests";
			productName = "Whack a jellyfishTests";
			productReference = D5DEE0271F77372300C4086C /* Whack a jellyfishTests.xctest */;
			productType = "com.apple.product-type.bundle.unit-test";
		};
		D5DEE0311F77372300C4086C /* Whack a jellyfishUITests */ = {
			isa = PBXNativeTarget;
			buildConfigurationList = D5DEE0411F77372300C4086C /* Build configuration list for PBXNativeTarget "Whack a jellyfishUITests" */;
			buildPhases = (
				44D12C71A92DA9A038B5C785 /* [CP] Check Pods Manifest.lock */,
				D5DEE02E1F77372300C4086C /* Sources */,
				D5DEE02F1F77372300C4086C /* Frameworks */,
				D5DEE0301F77372300C4086C /* Resources */,
				17CE357B0F8FE7A8977D4791 /* [CP] Embed Pods Frameworks */,
				386D15DA53D6557F293DD65B /* [CP] Copy Pods Resources */,
			);
			buildRules = (
			);
			dependencies = (
				D5DEE0341F77372300C4086C /* PBXTargetDependency */,
			);
			name = "Whack a jellyfishUITests";
			productName = "Whack a jellyfishUITests";
			productReference = D5DEE0321F77372300C4086C /* Whack a jellyfishUITests.xctest */;
			productType = "com.apple.product-type.bundle.ui-testing";
		};
/* End PBXNativeTarget section */

/* Begin PBXProject section */
		D5DEE00B1F77372300C4086C /* Project object */ = {
			isa = PBXProject;
			attributes = {
				LastSwiftUpdateCheck = 0900;
				LastUpgradeCheck = 0900;
				ORGANIZATIONNAME = "Ivan Ken Tiu";
				TargetAttributes = {
					D5DEE0121F77372300C4086C = {
						CreatedOnToolsVersion = 9.0;
						ProvisioningStyle = Automatic;
					};
					D5DEE0261F77372300C4086C = {
						CreatedOnToolsVersion = 9.0;
						ProvisioningStyle = Automatic;
						TestTargetID = D5DEE0121F77372300C4086C;
					};
					D5DEE0311F77372300C4086C = {
						CreatedOnToolsVersion = 9.0;
						ProvisioningStyle = Automatic;
						TestTargetID = D5DEE0121F77372300C4086C;
					};
				};
			};
			buildConfigurationList = D5DEE00E1F77372300C4086C /* Build configuration list for PBXProject "Whack a jellyfish" */;
			compatibilityVersion = "Xcode 8.0";
			developmentRegion = en;
			hasScannedForEncodings = 0;
			knownRegions = (
				en,
				Base,
			);
			mainGroup = D5DEE00A1F77372300C4086C;
			productRefGroup = D5DEE0141F77372300C4086C /* Products */;
			projectDirPath = "";
			projectRoot = "";
			targets = (
				D5DEE0121F77372300C4086C /* Whack a jellyfish */,
				D5DEE0261F77372300C4086C /* Whack a jellyfishTests */,
				D5DEE0311F77372300C4086C /* Whack a jellyfishUITests */,
			);
		};
/* End PBXProject section */

/* Begin PBXResourcesBuildPhase section */
		D5DEE0111F77372300C4086C /* Resources */ = {
			isa = PBXResourcesBuildPhase;
			buildActionMask = 2147483647;
			files = (
				D5DEE0211F77372300C4086C /* LaunchScreen.storyboard in Resources */,
				D5DEE0481F77496200C4086C /* art.scnassets in Resources */,
				D5DEE01E1F77372300C4086C /* Assets.xcassets in Resources */,
				D5DEE01C1F77372300C4086C /* Main.storyboard in Resources */,
			);
			runOnlyForDeploymentPostprocessing = 0;
		};
		D5DEE0251F77372300C4086C /* Resources */ = {
			isa = PBXResourcesBuildPhase;
			buildActionMask = 2147483647;
			files = (
			);
			runOnlyForDeploymentPostprocessing = 0;
		};
		D5DEE0301F77372300C4086C /* Resources */ = {
			isa = PBXResourcesBuildPhase;
			buildActionMask = 2147483647;
			files = (
			);
			runOnlyForDeploymentPostprocessing = 0;
		};
/* End PBXResourcesBuildPhase section */

/* Begin PBXShellScriptBuildPhase section */
		0F4232CDCF81689EE434B59D /* [CP] Check Pods Manifest.lock */ = {
			isa = PBXShellScriptBuildPhase;
			buildActionMask = 2147483647;
			files = (
			);
			inputPaths = (
				"${PODS_PODFILE_DIR_PATH}/Podfile.lock",
				"${PODS_ROOT}/Manifest.lock",
			);
			name = "[CP] Check Pods Manifest.lock";
			outputPaths = (
				"$(DERIVED_FILE_DIR)/Pods-Whack a jellyfishTests-checkManifestLockResult.txt",
			);
			runOnlyForDeploymentPostprocessing = 0;
			shellPath = /bin/sh;
			shellScript = "diff \"${PODS_PODFILE_DIR_PATH}/Podfile.lock\" \"${PODS_ROOT}/Manifest.lock\" > /dev/null\nif [ $? != 0 ] ; then\n    # print error to STDERR\n    echo \"error: The sandbox is not in sync with the Podfile.lock. Run 'pod install' or update your CocoaPods installation.\" >&2\n    exit 1\nfi\n# This output is used by Xcode 'outputs' to avoid re-running this script phase.\necho \"SUCCESS\" > \"${SCRIPT_OUTPUT_FILE_0}\"\n";
			showEnvVarsInLog = 0;
		};
		17CE357B0F8FE7A8977D4791 /* [CP] Embed Pods Frameworks */ = {
			isa = PBXShellScriptBuildPhase;
			buildActionMask = 2147483647;
			files = (
			);
			inputPaths = (
			);
			name = "[CP] Embed Pods Frameworks";
			outputPaths = (
			);
			runOnlyForDeploymentPostprocessing = 0;
			shellPath = /bin/sh;
			shellScript = "\"${SRCROOT}/Pods/Target Support Files/Pods-Whack a jellyfishUITests/Pods-Whack a jellyfishUITests-frameworks.sh\"\n";
			showEnvVarsInLog = 0;
		};
		35AF3E066C78DAF4B23D2AC1 /* [CP] Embed Pods Frameworks */ = {
			isa = PBXShellScriptBuildPhase;
			buildActionMask = 2147483647;
			files = (
			);
			inputPaths = (
			);
			name = "[CP] Embed Pods Frameworks";
			outputPaths = (
			);
			runOnlyForDeploymentPostprocessing = 0;
			shellPath = /bin/sh;
			shellScript = "\"${SRCROOT}/Pods/Target Support Files/Pods-Whack a jellyfishTests/Pods-Whack a jellyfishTests-frameworks.sh\"\n";
			showEnvVarsInLog = 0;
		};
		386D15DA53D6557F293DD65B /* [CP] Copy Pods Resources */ = {
			isa = PBXShellScriptBuildPhase;
			buildActionMask = 2147483647;
			files = (
			);
			inputPaths = (
			);
			name = "[CP] Copy Pods Resources";
			outputPaths = (
			);
			runOnlyForDeploymentPostprocessing = 0;
			shellPath = /bin/sh;
			shellScript = "\"${SRCROOT}/Pods/Target Support Files/Pods-Whack a jellyfishUITests/Pods-Whack a jellyfishUITests-resources.sh\"\n";
			showEnvVarsInLog = 0;
		};
		3D1ACD49FDD40E3CBB85055D /* [CP] Copy Pods Resources */ = {
			isa = PBXShellScriptBuildPhase;
			buildActionMask = 2147483647;
			files = (
			);
			inputPaths = (
			);
			name = "[CP] Copy Pods Resources";
			outputPaths = (
			);
			runOnlyForDeploymentPostprocessing = 0;
			shellPath = /bin/sh;
			shellScript = "\"${SRCROOT}/Pods/Target Support Files/Pods-Whack a jellyfish/Pods-Whack a jellyfish-resources.sh\"\n";
			showEnvVarsInLog = 0;
		};
		44D12C71A92DA9A038B5C785 /* [CP] Check Pods Manifest.lock */ = {
			isa = PBXShellScriptBuildPhase;
			buildActionMask = 2147483647;
			files = (
			);
			inputPaths = (
				"${PODS_PODFILE_DIR_PATH}/Podfile.lock",
				"${PODS_ROOT}/Manifest.lock",
			);
			name = "[CP] Check Pods Manifest.lock";
			outputPaths = (
				"$(DERIVED_FILE_DIR)/Pods-Whack a jellyfishUITests-checkManifestLockResult.txt",
			);
			runOnlyForDeploymentPostprocessing = 0;
			shellPath = /bin/sh;
			shellScript = "diff \"${PODS_PODFILE_DIR_PATH}/Podfile.lock\" \"${PODS_ROOT}/Manifest.lock\" > /dev/null\nif [ $? != 0 ] ; then\n    # print error to STDERR\n    echo \"error: The sandbox is not in sync with the Podfile.lock. Run 'pod install' or update your CocoaPods installation.\" >&2\n    exit 1\nfi\n# This output is used by Xcode 'outputs' to avoid re-running this script phase.\necho \"SUCCESS\" > \"${SCRIPT_OUTPUT_FILE_0}\"\n";
			showEnvVarsInLog = 0;
		};
		7E4BA4E53B96A916F24AEC1C /* [CP] Embed Pods Frameworks */ = {
			isa = PBXShellScriptBuildPhase;
			buildActionMask = 2147483647;
			files = (
			);
			inputPaths = (
				"${SRCROOT}/Pods/Target Support Files/Pods-Whack a jellyfish/Pods-Whack a jellyfish-frameworks.sh",
				"${BUILT_PRODUCTS_DIR}/Each/Each.framework",
			);
			name = "[CP] Embed Pods Frameworks";
			outputPaths = (
				"${TARGET_BUILD_DIR}/${FRAMEWORKS_FOLDER_PATH}/Each.framework",
			);
			runOnlyForDeploymentPostprocessing = 0;
			shellPath = /bin/sh;
			shellScript = "\"${SRCROOT}/Pods/Target Support Files/Pods-Whack a jellyfish/Pods-Whack a jellyfish-frameworks.sh\"\n";
			showEnvVarsInLog = 0;
		};
		9707649411F730C49216AE0F /* [CP] Check Pods Manifest.lock */ = {
			isa = PBXShellScriptBuildPhase;
			buildActionMask = 2147483647;
			files = (
			);
			inputPaths = (
				"${PODS_PODFILE_DIR_PATH}/Podfile.lock",
				"${PODS_ROOT}/Manifest.lock",
			);
			name = "[CP] Check Pods Manifest.lock";
			outputPaths = (
				"$(DERIVED_FILE_DIR)/Pods-Whack a jellyfish-checkManifestLockResult.txt",
			);
			runOnlyForDeploymentPostprocessing = 0;
			shellPath = /bin/sh;
			shellScript = "diff \"${PODS_PODFILE_DIR_PATH}/Podfile.lock\" \"${PODS_ROOT}/Manifest.lock\" > /dev/null\nif [ $? != 0 ] ; then\n    # print error to STDERR\n    echo \"error: The sandbox is not in sync with the Podfile.lock. Run 'pod install' or update your CocoaPods installation.\" >&2\n    exit 1\nfi\n# This output is used by Xcode 'outputs' to avoid re-running this script phase.\necho \"SUCCESS\" > \"${SCRIPT_OUTPUT_FILE_0}\"\n";
			showEnvVarsInLog = 0;
		};
		FD57D8DDAC97DAB87BE73365 /* [CP] Copy Pods Resources */ = {
			isa = PBXShellScriptBuildPhase;
			buildActionMask = 2147483647;
			files = (
			);
			inputPaths = (
			);
			name = "[CP] Copy Pods Resources";
			outputPaths = (
			);
			runOnlyForDeploymentPostprocessing = 0;
			shellPath = /bin/sh;
			shellScript = "\"${SRCROOT}/Pods/Target Support Files/Pods-Whack a jellyfishTests/Pods-Whack a jellyfishTests-resources.sh\"\n";
			showEnvVarsInLog = 0;
		};
/* End PBXShellScriptBuildPhase section */

/* Begin PBXSourcesBuildPhase section */
		D5DEE00F1F77372300C4086C /* Sources */ = {
			isa = PBXSourcesBuildPhase;
			buildActionMask = 2147483647;
			files = (
				D5DEE0191F77372300C4086C /* ViewController.swift in Sources */,
				D5DEE0171F77372300C4086C /* AppDelegate.swift in Sources */,
			);
			runOnlyForDeploymentPostprocessing = 0;
		};
		D5DEE0231F77372300C4086C /* Sources */ = {
			isa = PBXSourcesBuildPhase;
			buildActionMask = 2147483647;
			files = (
				D5DEE02C1F77372300C4086C /* Whack_a_jellyfishTests.swift in Sources */,
			);
			runOnlyForDeploymentPostprocessing = 0;
		};
		D5DEE02E1F77372300C4086C /* Sources */ = {
			isa = PBXSourcesBuildPhase;
			buildActionMask = 2147483647;
			files = (
				D5DEE0371F77372300C4086C /* Whack_a_jellyfishUITests.swift in Sources */,
			);
			runOnlyForDeploymentPostprocessing = 0;
		};
/* End PBXSourcesBuildPhase section */

/* Begin PBXTargetDependency section */
		D5DEE0291F77372300C4086C /* PBXTargetDependency */ = {
			isa = PBXTargetDependency;
			target = D5DEE0121F77372300C4086C /* Whack a jellyfish */;
			targetProxy = D5DEE0281F77372300C4086C /* PBXContainerItemProxy */;
		};
		D5DEE0341F77372300C4086C /* PBXTargetDependency */ = {
			isa = PBXTargetDependency;
			target = D5DEE0121F77372300C4086C /* Whack a jellyfish */;
			targetProxy = D5DEE0331F77372300C4086C /* PBXContainerItemProxy */;
		};
/* End PBXTargetDependency section */

/* Begin PBXVariantGroup section */
		D5DEE01A1F77372300C4086C /* Main.storyboard */ = {
			isa = PBXVariantGroup;
			children = (
				D5DEE01B1F77372300C4086C /* Base */,
			);
			name = Main.storyboard;
			sourceTree = "<group>";
		};
		D5DEE01F1F77372300C4086C /* LaunchScreen.storyboard */ = {
			isa = PBXVariantGroup;
			children = (
				D5DEE0201F77372300C4086C /* Base */,
			);
			name = LaunchScreen.storyboard;
			sourceTree = "<group>";
		};
/* End PBXVariantGroup section */

/* Begin XCBuildConfiguration section */
		D5DEE0391F77372300C4086C /* Debug */ = {
			isa = XCBuildConfiguration;
			buildSettings = {
				ALWAYS_SEARCH_USER_PATHS = NO;
				CLANG_ANALYZER_NONNULL = YES;
				CLANG_ANALYZER_NUMBER_OBJECT_CONVERSION = YES_AGGRESSIVE;
				CLANG_CXX_LANGUAGE_STANDARD = "gnu++14";
				CLANG_CXX_LIBRARY = "libc++";
				CLANG_ENABLE_MODULES = YES;
				CLANG_ENABLE_OBJC_ARC = YES;
				CLANG_WARN_BLOCK_CAPTURE_AUTORELEASING = YES;
				CLANG_WARN_BOOL_CONVERSION = YES;
				CLANG_WARN_COMMA = YES;
				CLANG_WARN_CONSTANT_CONVERSION = YES;
				CLANG_WARN_DIRECT_OBJC_ISA_USAGE = YES_ERROR;
				CLANG_WARN_DOCUMENTATION_COMMENTS = YES;
				CLANG_WARN_EMPTY_BODY = YES;
				CLANG_WARN_ENUM_CONVERSION = YES;
				CLANG_WARN_INFINITE_RECURSION = YES;
				CLANG_WARN_INT_CONVERSION = YES;
				CLANG_WARN_NON_LITERAL_NULL_CONVERSION = YES;
				CLANG_WARN_OBJC_LITERAL_CONVERSION = YES;
				CLANG_WARN_OBJC_ROOT_CLASS = YES_ERROR;
				CLANG_WARN_RANGE_LOOP_ANALYSIS = YES;
				CLANG_WARN_STRICT_PROTOTYPES = YES;
				CLANG_WARN_SUSPICIOUS_MOVE = YES;
				CLANG_WARN_UNGUARDED_AVAILABILITY = YES_AGGRESSIVE;
				CLANG_WARN_UNREACHABLE_CODE = YES;
				CLANG_WARN__DUPLICATE_METHOD_MATCH = YES;
				CODE_SIGN_IDENTITY = "iPhone Developer";
				COPY_PHASE_STRIP = NO;
				DEBUG_INFORMATION_FORMAT = dwarf;
				ENABLE_STRICT_OBJC_MSGSEND = YES;
				ENABLE_TESTABILITY = YES;
				GCC_C_LANGUAGE_STANDARD = gnu11;
				GCC_DYNAMIC_NO_PIC = NO;
				GCC_NO_COMMON_BLOCKS = YES;
				GCC_OPTIMIZATION_LEVEL = 0;
				GCC_PREPROCESSOR_DEFINITIONS = (
					"DEBUG=1",
					"$(inherited)",
				);
				GCC_WARN_64_TO_32_BIT_CONVERSION = YES;
				GCC_WARN_ABOUT_RETURN_TYPE = YES_ERROR;
				GCC_WARN_UNDECLARED_SELECTOR = YES;
				GCC_WARN_UNINITIALIZED_AUTOS = YES_AGGRESSIVE;
				GCC_WARN_UNUSED_FUNCTION = YES;
				GCC_WARN_UNUSED_VARIABLE = YES;
				IPHONEOS_DEPLOYMENT_TARGET = 11.0;
				MTL_ENABLE_DEBUG_INFO = YES;
				ONLY_ACTIVE_ARCH = YES;
				SDKROOT = iphoneos;
				SWIFT_ACTIVE_COMPILATION_CONDITIONS = DEBUG;
				SWIFT_OPTIMIZATION_LEVEL = "-Onone";
			};
			name = Debug;
		};
		D5DEE03A1F77372300C4086C /* Release */ = {
			isa = XCBuildConfiguration;
			buildSettings = {
				ALWAYS_SEARCH_USER_PATHS = NO;
				CLANG_ANALYZER_NONNULL = YES;
				CLANG_ANALYZER_NUMBER_OBJECT_CONVERSION = YES_AGGRESSIVE;
				CLANG_CXX_LANGUAGE_STANDARD = "gnu++14";
				CLANG_CXX_LIBRARY = "libc++";
				CLANG_ENABLE_MODULES = YES;
				CLANG_ENABLE_OBJC_ARC = YES;
				CLANG_WARN_BLOCK_CAPTURE_AUTORELEASING = YES;
				CLANG_WARN_BOOL_CONVERSION = YES;
				CLANG_WARN_COMMA = YES;
				CLANG_WARN_CONSTANT_CONVERSION = YES;
				CLANG_WARN_DIRECT_OBJC_ISA_USAGE = YES_ERROR;
				CLANG_WARN_DOCUMENTATION_COMMENTS = YES;
				CLANG_WARN_EMPTY_BODY = YES;
				CLANG_WARN_ENUM_CONVERSION = YES;
				CLANG_WARN_INFINITE_RECURSION = YES;
				CLANG_WARN_INT_CONVERSION = YES;
				CLANG_WARN_NON_LITERAL_NULL_CONVERSION = YES;
				CLANG_WARN_OBJC_LITERAL_CONVERSION = YES;
				CLANG_WARN_OBJC_ROOT_CLASS = YES_ERROR;
				CLANG_WARN_RANGE_LOOP_ANALYSIS = YES;
				CLANG_WARN_STRICT_PROTOTYPES = YES;
				CLANG_WARN_SUSPICIOUS_MOVE = YES;
				CLANG_WARN_UNGUARDED_AVAILABILITY = YES_AGGRESSIVE;
				CLANG_WARN_UNREACHABLE_CODE = YES;
				CLANG_WARN__DUPLICATE_METHOD_MATCH = YES;
				CODE_SIGN_IDENTITY = "iPhone Developer";
				COPY_PHASE_STRIP = NO;
				DEBUG_INFORMATION_FORMAT = "dwarf-with-dsym";
				ENABLE_NS_ASSERTIONS = NO;
				ENABLE_STRICT_OBJC_MSGSEND = YES;
				GCC_C_LANGUAGE_STANDARD = gnu11;
				GCC_NO_COMMON_BLOCKS = YES;
				GCC_WARN_64_TO_32_BIT_CONVERSION = YES;
				GCC_WARN_ABOUT_RETURN_TYPE = YES_ERROR;
				GCC_WARN_UNDECLARED_SELECTOR = YES;
				GCC_WARN_UNINITIALIZED_AUTOS = YES_AGGRESSIVE;
				GCC_WARN_UNUSED_FUNCTION = YES;
				GCC_WARN_UNUSED_VARIABLE = YES;
				IPHONEOS_DEPLOYMENT_TARGET = 11.0;
				MTL_ENABLE_DEBUG_INFO = NO;
				SDKROOT = iphoneos;
				SWIFT_OPTIMIZATION_LEVEL = "-Owholemodule";
				VALIDATE_PRODUCT = YES;
			};
			name = Release;
		};
		D5DEE03C1F77372300C4086C /* Debug */ = {
			isa = XCBuildConfiguration;
			baseConfigurationReference = E04154AF3A7C5EFA8FC7D64E /* Pods-Whack a jellyfish.debug.xcconfig */;
			buildSettings = {
				ASSETCATALOG_COMPILER_APPICON_NAME = AppIcon;
				CODE_SIGN_STYLE = Automatic;
				DEVELOPMENT_TEAM = 59ACBTQ2AR;
				INFOPLIST_FILE = "Whack a jellyfish/Info.plist";
				LD_RUNPATH_SEARCH_PATHS = "$(inherited) @executable_path/Frameworks";
				PRODUCT_BUNDLE_IDENTIFIER = "Coolboys-Entertainment.Whack-a-jellyfish";
				PRODUCT_NAME = "$(TARGET_NAME)";
				SWIFT_VERSION = 4.0;
				TARGETED_DEVICE_FAMILY = "1,2";
			};
			name = Debug;
		};
		D5DEE03D1F77372300C4086C /* Release */ = {
			isa = XCBuildConfiguration;
			baseConfigurationReference = 75F1C7E485780155A8FA95DD /* Pods-Whack a jellyfish.release.xcconfig */;
			buildSettings = {
				ASSETCATALOG_COMPILER_APPICON_NAME = AppIcon;
				CODE_SIGN_STYLE = Automatic;
				DEVELOPMENT_TEAM = 59ACBTQ2AR;
				INFOPLIST_FILE = "Whack a jellyfish/Info.plist";
				LD_RUNPATH_SEARCH_PATHS = "$(inherited) @executable_path/Frameworks";
				PRODUCT_BUNDLE_IDENTIFIER = "Coolboys-Entertainment.Whack-a-jellyfish";
				PRODUCT_NAME = "$(TARGET_NAME)";
				SWIFT_VERSION = 4.0;
				TARGETED_DEVICE_FAMILY = "1,2";
			};
			name = Release;
		};
		D5DEE03F1F77372300C4086C /* Debug */ = {
			isa = XCBuildConfiguration;
			baseConfigurationReference = 23CD83C42C092481FD5A66A8 /* Pods-Whack a jellyfishTests.debug.xcconfig */;
			buildSettings = {
				ALWAYS_EMBED_SWIFT_STANDARD_LIBRARIES = YES;
				BUNDLE_LOADER = "$(TEST_HOST)";
				CODE_SIGN_STYLE = Automatic;
				DEVELOPMENT_TEAM = 59ACBTQ2AR;
				INFOPLIST_FILE = "Whack a jellyfishTests/Info.plist";
				LD_RUNPATH_SEARCH_PATHS = "$(inherited) @executable_path/Frameworks @loader_path/Frameworks";
				PRODUCT_BUNDLE_IDENTIFIER = "Coolboys-Entertainment.Whack-a-jellyfishTests";
				PRODUCT_NAME = "$(TARGET_NAME)";
				SWIFT_VERSION = 4.0;
				TARGETED_DEVICE_FAMILY = "1,2";
				TEST_HOST = "$(BUILT_PRODUCTS_DIR)/Whack a jellyfish.app/Whack a jellyfish";
			};
			name = Debug;
		};
		D5DEE0401F77372300C4086C /* Release */ = {
			isa = XCBuildConfiguration;
			baseConfigurationReference = F55030AA3C904C5B9F43CD6E /* Pods-Whack a jellyfishTests.release.xcconfig */;
			buildSettings = {
				ALWAYS_EMBED_SWIFT_STANDARD_LIBRARIES = YES;
				BUNDLE_LOADER = "$(TEST_HOST)";
				CODE_SIGN_STYLE = Automatic;
				DEVELOPMENT_TEAM = 59ACBTQ2AR;
				INFOPLIST_FILE = "Whack a jellyfishTests/Info.plist";
				LD_RUNPATH_SEARCH_PATHS = "$(inherited) @executable_path/Frameworks @loader_path/Frameworks";
				PRODUCT_BUNDLE_IDENTIFIER = "Coolboys-Entertainment.Whack-a-jellyfishTests";
				PRODUCT_NAME = "$(TARGET_NAME)";
				SWIFT_VERSION = 4.0;
				TARGETED_DEVICE_FAMILY = "1,2";
				TEST_HOST = "$(BUILT_PRODUCTS_DIR)/Whack a jellyfish.app/Whack a jellyfish";
			};
			name = Release;
		};
		D5DEE0421F77372300C4086C /* Debug */ = {
			isa = XCBuildConfiguration;
			baseConfigurationReference = 432AA15C9E3D915F984AF25F /* Pods-Whack a jellyfishUITests.debug.xcconfig */;
			buildSettings = {
				ALWAYS_EMBED_SWIFT_STANDARD_LIBRARIES = YES;
				CODE_SIGN_STYLE = Automatic;
				DEVELOPMENT_TEAM = 59ACBTQ2AR;
				INFOPLIST_FILE = "Whack a jellyfishUITests/Info.plist";
				LD_RUNPATH_SEARCH_PATHS = "$(inherited) @executable_path/Frameworks @loader_path/Frameworks";
				PRODUCT_BUNDLE_IDENTIFIER = "Coolboys-Entertainment.Whack-a-jellyfishUITests";
				PRODUCT_NAME = "$(TARGET_NAME)";
				SWIFT_VERSION = 4.0;
				TARGETED_DEVICE_FAMILY = "1,2";
				TEST_TARGET_NAME = "Whack a jellyfish";
			};
			name = Debug;
		};
		D5DEE0431F77372300C4086C /* Release */ = {
			isa = XCBuildConfiguration;
			baseConfigurationReference = C7B46E6C1A71E1C3EF2EB933 /* Pods-Whack a jellyfishUITests.release.xcconfig */;
			buildSettings = {
				ALWAYS_EMBED_SWIFT_STANDARD_LIBRARIES = YES;
				CODE_SIGN_STYLE = Automatic;
				DEVELOPMENT_TEAM = 59ACBTQ2AR;
				INFOPLIST_FILE = "Whack a jellyfishUITests/Info.plist";
				LD_RUNPATH_SEARCH_PATHS = "$(inherited) @executable_path/Frameworks @loader_path/Frameworks";
				PRODUCT_BUNDLE_IDENTIFIER = "Coolboys-Entertainment.Whack-a-jellyfishUITests";
				PRODUCT_NAME = "$(TARGET_NAME)";
				SWIFT_VERSION = 4.0;
				TARGETED_DEVICE_FAMILY = "1,2";
				TEST_TARGET_NAME = "Whack a jellyfish";
			};
			name = Release;
		};
/* End XCBuildConfiguration section */

/* Begin XCConfigurationList section */
		D5DEE00E1F77372300C4086C /* Build configuration list for PBXProject "Whack a jellyfish" */ = {
			isa = XCConfigurationList;
			buildConfigurations = (
				D5DEE0391F77372300C4086C /* Debug */,
				D5DEE03A1F77372300C4086C /* Release */,
			);
			defaultConfigurationIsVisible = 0;
			defaultConfigurationName = Release;
		};
		D5DEE03B1F77372300C4086C /* Build configuration list for PBXNativeTarget "Whack a jellyfish" */ = {
			isa = XCConfigurationList;
			buildConfigurations = (
				D5DEE03C1F77372300C4086C /* Debug */,
				D5DEE03D1F77372300C4086C /* Release */,
			);
			defaultConfigurationIsVisible = 0;
			defaultConfigurationName = Release;
		};
		D5DEE03E1F77372300C4086C /* Build configuration list for PBXNativeTarget "Whack a jellyfishTests" */ = {
			isa = XCConfigurationList;
			buildConfigurations = (
				D5DEE03F1F77372300C4086C /* Debug */,
				D5DEE0401F77372300C4086C /* Release */,
			);
			defaultConfigurationIsVisible = 0;
			defaultConfigurationName = Release;
		};
		D5DEE0411F77372300C4086C /* Build configuration list for PBXNativeTarget "Whack a jellyfishUITests" */ = {
			isa = XCConfigurationList;
			buildConfigurations = (
				D5DEE0421F77372300C4086C /* Debug */,
				D5DEE0431F77372300C4086C /* Release */,
			);
			defaultConfigurationIsVisible = 0;
			defaultConfigurationName = Release;
		};
/* End XCConfigurationList section */
	};
	rootObject = D5DEE00B1F77372300C4086C /* Project object */;
}
